
Microsoft Visual Studio Solution File, Format Version 11.00
# Visual Studio 2010
# SharpDevelop 4.3
Project("{FAE04EC0-301F-11D3-BF4B-00C04F79EFBC}") = "HW.WebService", "HW.WebService.csproj", "{176B8B99-DA73-465A-9A96-9E1A0D500C24}"
EndProject
Global
	GlobalSection(SolutionConfigurationPlatforms) = preSolution
		Debug|Any CPU = Debug|Any CPU
		Release|Any CPU = Release|Any CPU
	EndGlobalSection
	GlobalSection(ProjectConfigurationPlatforms) = postSolution
		{176B8B99-DA73-465A-9A96-9E1A0D500C24}.Debug|Any CPU.Build.0 = Debug|Any CPU
		{176B8B99-DA73-465A-9A96-9E1A0D500C24}.Debug|Any CPU.ActiveCfg = Debug|Any CPU
		{176B8B99-DA73-465A-9A96-9E1A0D500C24}.Release|Any CPU.Build.0 = Release|Any CPU
		{176B8B99-DA73-465A-9A96-9E1A0D500C24}.Release|Any CPU.ActiveCfg = Release|Any CPU
	EndGlobalSection
EndGlobal
