
Microsoft Visual Studio Solution File, Format Version 11.00
# Visual Studio 2010
# SharpDevelop 4.3
Project("{FAE04EC0-301F-11D3-BF4B-00C04F79EFBC}") = "HW.Core", "HW.Core\HW.Core.csproj", "{C7B845FD-7D23-42EF-9EA7-521A83C4EF60}"
EndProject
Project("{FAE04EC0-301F-11D3-BF4B-00C04F79EFBC}") = "HW.Tests", "HW.Tests\HW.Tests.csproj", "{561534C3-E27C-4F5D-A9E6-A14A7F01EC20}"
EndProject
Project("{FAE04EC0-301F-11D3-BF4B-00C04F79EFBC}") = "HWgrp", "HWgrp\HWgrp.csproj", "{1DD98AAE-98D7-4D4D-B013-BF656BAC11CA}"
EndProject
Global
	GlobalSection(SolutionConfigurationPlatforms) = preSolution
		Debug|Any CPU = Debug|Any CPU
		Debug|Mixed Platforms = Debug|Mixed Platforms
		Debug|x86 = Debug|x86
		Release|Any CPU = Release|Any CPU
		Release|Mixed Platforms = Release|Mixed Platforms
		Release|x86 = Release|x86
	EndGlobalSection
	GlobalSection(ProjectConfigurationPlatforms) = postSolution
		{C7B845FD-7D23-42EF-9EA7-521A83C4EF60}.Debug|Any CPU.ActiveCfg = Debug|x86
		{C7B845FD-7D23-42EF-9EA7-521A83C4EF60}.Debug|Any CPU.Build.0 = Debug|x86
		{C7B845FD-7D23-42EF-9EA7-521A83C4EF60}.Debug|Mixed Platforms.ActiveCfg = Debug|x86
		{C7B845FD-7D23-42EF-9EA7-521A83C4EF60}.Debug|Mixed Platforms.Build.0 = Debug|x86
		{C7B845FD-7D23-42EF-9EA7-521A83C4EF60}.Debug|x86.ActiveCfg = Debug|x86
		{C7B845FD-7D23-42EF-9EA7-521A83C4EF60}.Debug|x86.Build.0 = Debug|x86
		{C7B845FD-7D23-42EF-9EA7-521A83C4EF60}.Release|Any CPU.ActiveCfg = Release|x86
		{C7B845FD-7D23-42EF-9EA7-521A83C4EF60}.Release|Any CPU.Build.0 = Release|x86
		{C7B845FD-7D23-42EF-9EA7-521A83C4EF60}.Release|Mixed Platforms.ActiveCfg = Release|x86
		{C7B845FD-7D23-42EF-9EA7-521A83C4EF60}.Release|Mixed Platforms.Build.0 = Release|x86
		{C7B845FD-7D23-42EF-9EA7-521A83C4EF60}.Release|x86.ActiveCfg = Release|x86
		{C7B845FD-7D23-42EF-9EA7-521A83C4EF60}.Release|x86.Build.0 = Release|x86
		{561534C3-E27C-4F5D-A9E6-A14A7F01EC20}.Debug|Any CPU.ActiveCfg = Debug|x86
		{561534C3-E27C-4F5D-A9E6-A14A7F01EC20}.Debug|Any CPU.Build.0 = Debug|x86
		{561534C3-E27C-4F5D-A9E6-A14A7F01EC20}.Debug|Mixed Platforms.ActiveCfg = Debug|x86
		{561534C3-E27C-4F5D-A9E6-A14A7F01EC20}.Debug|Mixed Platforms.Build.0 = Debug|x86
		{561534C3-E27C-4F5D-A9E6-A14A7F01EC20}.Debug|x86.ActiveCfg = Debug|x86
		{561534C3-E27C-4F5D-A9E6-A14A7F01EC20}.Debug|x86.Build.0 = Debug|x86
		{561534C3-E27C-4F5D-A9E6-A14A7F01EC20}.Release|Any CPU.ActiveCfg = Release|x86
		{561534C3-E27C-4F5D-A9E6-A14A7F01EC20}.Release|Any CPU.Build.0 = Release|x86
		{561534C3-E27C-4F5D-A9E6-A14A7F01EC20}.Release|Mixed Platforms.ActiveCfg = Release|x86
		{561534C3-E27C-4F5D-A9E6-A14A7F01EC20}.Release|Mixed Platforms.Build.0 = Release|x86
		{561534C3-E27C-4F5D-A9E6-A14A7F01EC20}.Release|x86.ActiveCfg = Release|x86
		{561534C3-E27C-4F5D-A9E6-A14A7F01EC20}.Release|x86.Build.0 = Release|x86
		{1DD98AAE-98D7-4D4D-B013-BF656BAC11CA}.Debug|Any CPU.ActiveCfg = Debug|Any CPU
		{1DD98AAE-98D7-4D4D-B013-BF656BAC11CA}.Debug|Any CPU.Build.0 = Debug|Any CPU
		{1DD98AAE-98D7-4D4D-B013-BF656BAC11CA}.Debug|Mixed Platforms.ActiveCfg = Debug|Any CPU
		{1DD98AAE-98D7-4D4D-B013-BF656BAC11CA}.Debug|Mixed Platforms.Build.0 = Debug|Any CPU
		{1DD98AAE-98D7-4D4D-B013-BF656BAC11CA}.Debug|x86.ActiveCfg = Debug|Any CPU
		{1DD98AAE-98D7-4D4D-B013-BF656BAC11CA}.Release|Any CPU.ActiveCfg = Release|Any CPU
		{1DD98AAE-98D7-4D4D-B013-BF656BAC11CA}.Release|Any CPU.Build.0 = Release|Any CPU
		{1DD98AAE-98D7-4D4D-B013-BF656BAC11CA}.Release|Mixed Platforms.ActiveCfg = Release|Any CPU
		{1DD98AAE-98D7-4D4D-B013-BF656BAC11CA}.Release|Mixed Platforms.Build.0 = Release|Any CPU
		{1DD98AAE-98D7-4D4D-B013-BF656BAC11CA}.Release|x86.ActiveCfg = Release|Any CPU
	EndGlobalSection
	GlobalSection(SolutionProperties) = preSolution
		HideSolutionNode = FALSE
	EndGlobalSection
EndGlobal
