
Microsoft Visual Studio Solution File, Format Version 11.00
# Visual Studio 2010
# SharpDevelop 4.4
Project("{FAE04EC0-301F-11D3-BF4B-00C04F79EFBC}") = "HW.ExerciseUploader", "HW.ExerciseUploader.csproj", "{2126BA0E-4913-4838-9540-D7DCF062294C}"
EndProject
Global
	GlobalSection(SolutionConfigurationPlatforms) = preSolution
		Debug|Any CPU = Debug|Any CPU
		Release|Any CPU = Release|Any CPU
	EndGlobalSection
	GlobalSection(ProjectConfigurationPlatforms) = postSolution
		{2126BA0E-4913-4838-9540-D7DCF062294C}.Debug|Any CPU.Build.0 = Debug|Any CPU
		{2126BA0E-4913-4838-9540-D7DCF062294C}.Debug|Any CPU.ActiveCfg = Debug|Any CPU
		{2126BA0E-4913-4838-9540-D7DCF062294C}.Release|Any CPU.Build.0 = Release|Any CPU
		{2126BA0E-4913-4838-9540-D7DCF062294C}.Release|Any CPU.ActiveCfg = Release|Any CPU
	EndGlobalSection
EndGlobal
