
Microsoft Visual Studio Solution File, Format Version 11.00
# Visual Studio 2010
# SharpDevelop 4.4
Project("{FAE04EC0-301F-11D3-BF4B-00C04F79EFBC}") = "HW.Core2", "HW.Core2.csproj", "{B74743D4-DC68-4452-89D4-A4816FF069D7}"
EndProject
Global
	GlobalSection(SolutionConfigurationPlatforms) = preSolution
		Debug|Any CPU = Debug|Any CPU
		Release|Any CPU = Release|Any CPU
	EndGlobalSection
	GlobalSection(ProjectConfigurationPlatforms) = postSolution
		{B74743D4-DC68-4452-89D4-A4816FF069D7}.Debug|Any CPU.Build.0 = Debug|Any CPU
		{B74743D4-DC68-4452-89D4-A4816FF069D7}.Debug|Any CPU.ActiveCfg = Debug|Any CPU
		{B74743D4-DC68-4452-89D4-A4816FF069D7}.Release|Any CPU.Build.0 = Release|Any CPU
		{B74743D4-DC68-4452-89D4-A4816FF069D7}.Release|Any CPU.ActiveCfg = Release|Any CPU
	EndGlobalSection
EndGlobal
